
Microsoft Visual Studio Solution File, Format Version 12.00
# Visual Studio Version 17
VisualStudioVersion = 17.11.35327.3
MinimumVisualStudioVersion = 10.0.40219.1
Project("{FAE04EC0-301F-11D3-BF4B-00C04F79EFBC}") = "KC_Notes", "KC_Notes\KC_Notes.csproj", "{2DC211A0-5CAE-4CAD-B33B-A40DFAB37B8D}"
EndProject
Global
	GlobalSection(SolutionConfigurationPlatforms) = preSolution
		Debug|Any CPU = Debug|Any CPU
		Release|Any CPU = Release|Any CPU
	EndGlobalSection
	GlobalSection(ProjectConfigurationPlatforms) = postSolution
		{2DC211A0-5CAE-4CAD-B33B-A40DFAB37B8D}.Debug|Any CPU.ActiveCfg = Debug|Any CPU
		{2DC211A0-5CAE-4CAD-B33B-A40DFAB37B8D}.Debug|Any CPU.Build.0 = Debug|Any CPU
		{2DC211A0-5CAE-4CAD-B33B-A40DFAB37B8D}.Debug|Any CPU.Deploy.0 = Debug|Any CPU
		{2DC211A0-5CAE-4CAD-B33B-A40DFAB37B8D}.Release|Any CPU.ActiveCfg = Release|Any CPU
		{2DC211A0-5CAE-4CAD-B33B-A40DFAB37B8D}.Release|Any CPU.Build.0 = Release|Any CPU
		{2DC211A0-5CAE-4CAD-B33B-A40DFAB37B8D}.Release|Any CPU.Deploy.0 = Release|Any CPU
	EndGlobalSection
	GlobalSection(SolutionProperties) = preSolution
		HideSolutionNode = FALSE
	EndGlobalSection
	GlobalSection(ExtensibilityGlobals) = postSolution
		SolutionGuid = {D304DCFC-B6D2-4912-B883-EE843DFC0716}
	EndGlobalSection
EndGlobal
